// !$*UTF8*$!
{
	archiveVersion = 1;
	classes = {
	};
	objectVersion = 51;
	objects = {

/* Begin PBXBuildFile section */
		DC310C7827205D23006FF590 /* AppDelegate.swift in Sources */ = {isa = PBXBuildFile; fileRef = DC310C7727205D23006FF590 /* AppDelegate.swift */; };
		DC310C7A27205D23006FF590 /* SceneDelegate.swift in Sources */ = {isa = PBXBuildFile; fileRef = DC310C7927205D23006FF590 /* SceneDelegate.swift */; };
		DC310C7F27205D23006FF590 /* Main.storyboard in Resources */ = {isa = PBXBuildFile; fileRef = DC310C7D27205D23006FF590 /* Main.storyboard */; };
		DC310C8127205D24006FF590 /* Assets.xcassets in Resources */ = {isa = PBXBuildFile; fileRef = DC310C8027205D24006FF590 /* Assets.xcassets */; };
		DC310C8427205D24006FF590 /* LaunchScreen.storyboard in Resources */ = {isa = PBXBuildFile; fileRef = DC310C8227205D24006FF590 /* LaunchScreen.storyboard */; };
		DC310C8C27205EAF006FF590 /* GoogleService-Info.plist in Resources */ = {isa = PBXBuildFile; fileRef = DC310C8B27205EAF006FF590 /* GoogleService-Info.plist */; };
		DC310C91272071CD006FF590 /* LoginViewController.swift in Sources */ = {isa = PBXBuildFile; fileRef = DC310C90272071CD006FF590 /* LoginViewController.swift */; };
		DC8BF6C82721500400855262 /* Model.swift in Sources */ = {isa = PBXBuildFile; fileRef = DC8BF6C72721500400855262 /* Model.swift */; };
		DC8BF6CA27215D6500855262 /* SliderSlides.swift in Sources */ = {isa = PBXBuildFile; fileRef = DC8BF6C927215D6500855262 /* SliderSlides.swift */; };
		DC8BF6CC27215F6100855262 /* RegViewController.swift in Sources */ = {isa = PBXBuildFile; fileRef = DC8BF6CB27215F6100855262 /* RegViewController.swift */; };
		DC8BF6CE27215F7300855262 /* AuthViewController.swift in Sources */ = {isa = PBXBuildFile; fileRef = DC8BF6CD27215F7300855262 /* AuthViewController.swift */; };
		DC8BF6D02721612200855262 /* AppViewController.swift in Sources */ = {isa = PBXBuildFile; fileRef = DC8BF6CF2721612200855262 /* AppViewController.swift */; };
		DCEF1D6A27207AE900F0C158 /* SlideCollectionViewCell.swift in Sources */ = {isa = PBXBuildFile; fileRef = DCEF1D6827207AE900F0C158 /* SlideCollectionViewCell.swift */; };
		DCEF1D6B27207AE900F0C158 /* SlideCollectionViewCell.xib in Resources */ = {isa = PBXBuildFile; fileRef = DCEF1D6927207AE900F0C158 /* SlideCollectionViewCell.xib */; };
		FAA31B96A2D37B431303D4EC /* Pods_justChat.framework in Frameworks */ = {isa = PBXBuildFile; fileRef = CB8A7639FD6FA5F5541D3D12 /* Pods_justChat.framework */; };
/* End PBXBuildFile section */

/* Begin PBXFileReference section */
		032318D0C81EE4E9312BDCBA /* Pods-justChat.debug.xcconfig */ = {isa = PBXFileReference; includeInIndex = 1; lastKnownFileType = text.xcconfig; name = "Pods-justChat.debug.xcconfig"; path = "Target Support Files/Pods-justChat/Pods-justChat.debug.xcconfig"; sourceTree = "<group>"; };
		CB8A7639FD6FA5F5541D3D12 /* Pods_justChat.framework */ = {isa = PBXFileReference; explicitFileType = wrapper.framework; includeInIndex = 0; path = Pods_justChat.framework; sourceTree = BUILT_PRODUCTS_DIR; };
		D1C9E162954F6DF5F59E68A3 /* Pods-justChat.release.xcconfig */ = {isa = PBXFileReference; includeInIndex = 1; lastKnownFileType = text.xcconfig; name = "Pods-justChat.release.xcconfig"; path = "Target Support Files/Pods-justChat/Pods-justChat.release.xcconfig"; sourceTree = "<group>"; };
		DC310C7427205D23006FF590 /* justChat.app */ = {isa = PBXFileReference; explicitFileType = wrapper.application; includeInIndex = 0; path = justChat.app; sourceTree = BUILT_PRODUCTS_DIR; };
		DC310C7727205D23006FF590 /* AppDelegate.swift */ = {isa = PBXFileReference; lastKnownFileType = sourcecode.swift; path = AppDelegate.swift; sourceTree = "<group>"; };
		DC310C7927205D23006FF590 /* SceneDelegate.swift */ = {isa = PBXFileReference; lastKnownFileType = sourcecode.swift; path = SceneDelegate.swift; sourceTree = "<group>"; };
		DC310C7E27205D23006FF590 /* Base */ = {isa = PBXFileReference; lastKnownFileType = file.storyboard; name = Base; path = Base.lproj/Main.storyboard; sourceTree = "<group>"; };
		DC310C8027205D24006FF590 /* Assets.xcassets */ = {isa = PBXFileReference; lastKnownFileType = folder.assetcatalog; path = Assets.xcassets; sourceTree = "<group>"; };
		DC310C8327205D24006FF590 /* Base */ = {isa = PBXFileReference; lastKnownFileType = file.storyboard; name = Base; path = Base.lproj/LaunchScreen.storyboard; sourceTree = "<group>"; };
		DC310C8B27205EAF006FF590 /* GoogleService-Info.plist */ = {isa = PBXFileReference; fileEncoding = 4; lastKnownFileType = text.plist.xml; path = "GoogleService-Info.plist"; sourceTree = "<group>"; };
		DC310C90272071CD006FF590 /* LoginViewController.swift */ = {isa = PBXFileReference; lastKnownFileType = sourcecode.swift; path = LoginViewController.swift; sourceTree = "<group>"; };
		DC8BF6C72721500400855262 /* Model.swift */ = {isa = PBXFileReference; lastKnownFileType = sourcecode.swift; path = Model.swift; sourceTree = "<group>"; };
		DC8BF6C927215D6500855262 /* SliderSlides.swift */ = {isa = PBXFileReference; lastKnownFileType = sourcecode.swift; path = SliderSlides.swift; sourceTree = "<group>"; };
		DC8BF6CB27215F6100855262 /* RegViewController.swift */ = {isa = PBXFileReference; lastKnownFileType = sourcecode.swift; path = RegViewController.swift; sourceTree = "<group>"; };
		DC8BF6CD27215F7300855262 /* AuthViewController.swift */ = {isa = PBXFileReference; lastKnownFileType = sourcecode.swift; path = AuthViewController.swift; sourceTree = "<group>"; };
		DC8BF6CF2721612200855262 /* AppViewController.swift */ = {isa = PBXFileReference; lastKnownFileType = sourcecode.swift; path = AppViewController.swift; sourceTree = "<group>"; };
		DCEF1D6827207AE900F0C158 /* SlideCollectionViewCell.swift */ = {isa = PBXFileReference; lastKnownFileType = sourcecode.swift; path = SlideCollectionViewCell.swift; sourceTree = "<group>"; };
		DCEF1D6927207AE900F0C158 /* SlideCollectionViewCell.xib */ = {isa = PBXFileReference; lastKnownFileType = file.xib; path = SlideCollectionViewCell.xib; sourceTree = "<group>"; };
/* End PBXFileReference section */

/* Begin PBXFrameworksBuildPhase section */
		DC310C7127205D23006FF590 /* Frameworks */ = {
			isa = PBXFrameworksBuildPhase;
			buildActionMask = 2147483647;
			files = (
				FAA31B96A2D37B431303D4EC /* Pods_justChat.framework in Frameworks */,
			);
			runOnlyForDeploymentPostprocessing = 0;
		};
/* End PBXFrameworksBuildPhase section */

/* Begin PBXGroup section */
		A760F9178D3FA6429E978A9A /* Pods */ = {
			isa = PBXGroup;
			children = (
				032318D0C81EE4E9312BDCBA /* Pods-justChat.debug.xcconfig */,
				D1C9E162954F6DF5F59E68A3 /* Pods-justChat.release.xcconfig */,
			);
			path = Pods;
			sourceTree = "<group>";
		};
		AD06D09F01E9474C9B5506D6 /* Frameworks */ = {
			isa = PBXGroup;
			children = (
				CB8A7639FD6FA5F5541D3D12 /* Pods_justChat.framework */,
			);
			name = Frameworks;
			path = ../../..;
			sourceTree = "<group>";
		};
		DC310C6B27205D23006FF590 = {
			isa = PBXGroup;
			children = (
				DC310C7627205D23006FF590 /* justChat */,
				DC310C7527205D23006FF590 /* Products */,
				A760F9178D3FA6429E978A9A /* Pods */,
			);
			sourceTree = "<group>";
		};
		DC310C7527205D23006FF590 /* Products */ = {
			isa = PBXGroup;
			children = (
				DC310C7427205D23006FF590 /* justChat.app */,
			);
			name = Products;
			sourceTree = "<group>";
		};
		DC310C7627205D23006FF590 /* justChat */ = {
			isa = PBXGroup;
			children = (
				DC310C8F27207045006FF590 /* Controller */,
				DC310C8E2720703F006FF590 /* View */,
				DC310C8D27207038006FF590 /* Model */,
				DC310C7927205D23006FF590 /* SceneDelegate.swift */,
				DC310C8027205D24006FF590 /* Assets.xcassets */,
				DC310C7D27205D23006FF590 /* Main.storyboard */,
				DC310C7727205D23006FF590 /* AppDelegate.swift */,
				DC310C8227205D24006FF590 /* LaunchScreen.storyboard */,
				DC310C8B27205EAF006FF590 /* GoogleService-Info.plist */,
			);
			path = justChat;
			sourceTree = "<group>";
		};
		DC310C8D27207038006FF590 /* Model */ = {
			isa = PBXGroup;
			children = (
				DC8BF6C72721500400855262 /* Model.swift */,
				DC8BF6C927215D6500855262 /* SliderSlides.swift */,
			);
			path = Model;
			sourceTree = "<group>";
		};
		DC310C8E2720703F006FF590 /* View */ = {
			isa = PBXGroup;
			children = (
				DCEF1D6727207A9000F0C158 /* Slide */,
			);
			path = View;
			sourceTree = "<group>";
		};
		DC310C8F27207045006FF590 /* Controller */ = {
			isa = PBXGroup;
			children = (
				DC310C9327207205006FF590 /* App */,
				DC310C92272071EB006FF590 /* Login */,
			);
			path = Controller;
			sourceTree = "<group>";
		};
		DC310C92272071EB006FF590 /* Login */ = {
			isa = PBXGroup;
			children = (
				DC310C90272071CD006FF590 /* LoginViewController.swift */,
				DC8BF6CB27215F6100855262 /* RegViewController.swift */,
				DC8BF6CD27215F7300855262 /* AuthViewController.swift */,
			);
			path = Login;
			sourceTree = "<group>";
		};
		DC310C9327207205006FF590 /* App */ = {
			isa = PBXGroup;
			children = (
				DC8BF6CF2721612200855262 /* AppViewController.swift */,
			);
			path = App;
			sourceTree = "<group>";
		};
		DCEF1D6727207A9000F0C158 /* Slide */ = {
			isa = PBXGroup;
			children = (
				AD06D09F01E9474C9B5506D6 /* Frameworks */,
				DCEF1D6827207AE900F0C158 /* SlideCollectionViewCell.swift */,
				DCEF1D6927207AE900F0C158 /* SlideCollectionViewCell.xib */,
			);
			path = Slide;
			sourceTree = "<group>";
		};
/* End PBXGroup section */

/* Begin PBXNativeTarget section */
		DC310C7327205D23006FF590 /* justChat */ = {
			isa = PBXNativeTarget;
			buildConfigurationList = DC310C8827205D24006FF590 /* Build configuration list for PBXNativeTarget "justChat" */;
			buildPhases = (
				01FCCDEC5D1B8A3F6E51A1A7 /* [CP] Check Pods Manifest.lock */,
				DC310C7027205D23006FF590 /* Sources */,
				DC310C7127205D23006FF590 /* Frameworks */,
				DC310C7227205D23006FF590 /* Resources */,
				393400DE4B47D03EB6FEAD5E /* [CP] Embed Pods Frameworks */,
			);
			buildRules = (
			);
			dependencies = (
			);
			name = justChat;
			productName = justChat;
			productReference = DC310C7427205D23006FF590 /* justChat.app */;
			productType = "com.apple.product-type.application";
		};
/* End PBXNativeTarget section */

/* Begin PBXProject section */
		DC310C6C27205D23006FF590 /* Project object */ = {
			isa = PBXProject;
			attributes = {
				LastSwiftUpdateCheck = 1250;
				LastUpgradeCheck = 1250;
				TargetAttributes = {
					DC310C7327205D23006FF590 = {
						CreatedOnToolsVersion = 12.5.1;
					};
				};
			};
			buildConfigurationList = DC310C6F27205D23006FF590 /* Build configuration list for PBXProject "justChat" */;
			compatibilityVersion = "Xcode 9.3";
			developmentRegion = en;
			hasScannedForEncodings = 0;
			knownRegions = (
				en,
				Base,
			);
			mainGroup = DC310C6B27205D23006FF590;
			productRefGroup = DC310C7527205D23006FF590 /* Products */;
			projectDirPath = "";
			projectRoot = "";
			targets = (
				DC310C7327205D23006FF590 /* justChat */,
			);
		};
/* End PBXProject section */

/* Begin PBXResourcesBuildPhase section */
		DC310C7227205D23006FF590 /* Resources */ = {
			isa = PBXResourcesBuildPhase;
			buildActionMask = 2147483647;
			files = (
				DC310C8427205D24006FF590 /* LaunchScreen.storyboard in Resources */,
				DCEF1D6B27207AE900F0C158 /* SlideCollectionViewCell.xib in Resources */,
				DC310C8C27205EAF006FF590 /* GoogleService-Info.plist in Resources */,
				DC310C8127205D24006FF590 /* Assets.xcassets in Resources */,
				DC310C7F27205D23006FF590 /* Main.storyboard in Resources */,
			);
			runOnlyForDeploymentPostprocessing = 0;
		};
/* End PBXResourcesBuildPhase section */

/* Begin PBXShellScriptBuildPhase section */
		01FCCDEC5D1B8A3F6E51A1A7 /* [CP] Check Pods Manifest.lock */ = {
			isa = PBXShellScriptBuildPhase;
			buildActionMask = 2147483647;
			files = (
			);
			inputFileListPaths = (
			);
			inputPaths = (
				"${PODS_PODFILE_DIR_PATH}/Podfile.lock",
				"${PODS_ROOT}/Manifest.lock",
			);
			name = "[CP] Check Pods Manifest.lock";
			outputFileListPaths = (
			);
			outputPaths = (
				"$(DERIVED_FILE_DIR)/Pods-justChat-checkManifestLockResult.txt",
			);
			runOnlyForDeploymentPostprocessing = 0;
			shellPath = /bin/sh;
			shellScript = "diff \"${PODS_PODFILE_DIR_PATH}/Podfile.lock\" \"${PODS_ROOT}/Manifest.lock\" > /dev/null\nif [ $? != 0 ] ; then\n    # print error to STDERR\n    echo \"error: The sandbox is not in sync with the Podfile.lock. Run 'pod install' or update your CocoaPods installation.\" >&2\n    exit 1\nfi\n# This output is used by Xcode 'outputs' to avoid re-running this script phase.\necho \"SUCCESS\" > \"${SCRIPT_OUTPUT_FILE_0}\"\n";
			showEnvVarsInLog = 0;
		};
		393400DE4B47D03EB6FEAD5E /* [CP] Embed Pods Frameworks */ = {
			isa = PBXShellScriptBuildPhase;
			buildActionMask = 2147483647;
			files = (
			);
			inputFileListPaths = (
				"${PODS_ROOT}/Target Support Files/Pods-justChat/Pods-justChat-frameworks-${CONFIGURATION}-input-files.xcfilelist",
			);
			name = "[CP] Embed Pods Frameworks";
			outputFileListPaths = (
				"${PODS_ROOT}/Target Support Files/Pods-justChat/Pods-justChat-frameworks-${CONFIGURATION}-output-files.xcfilelist",
			);
			runOnlyForDeploymentPostprocessing = 0;
			shellPath = /bin/sh;
			shellScript = "\"${PODS_ROOT}/Target Support Files/Pods-justChat/Pods-justChat-frameworks.sh\"\n";
			showEnvVarsInLog = 0;
		};
/* End PBXShellScriptBuildPhase section */

/* Begin PBXSourcesBuildPhase section */
		DC310C7027205D23006FF590 /* Sources */ = {
			isa = PBXSourcesBuildPhase;
			buildActionMask = 2147483647;
			files = (
				DC8BF6C82721500400855262 /* Model.swift in Sources */,
				DCEF1D6A27207AE900F0C158 /* SlideCollectionViewCell.swift in Sources */,
				DC8BF6CA27215D6500855262 /* SliderSlides.swift in Sources */,
				DC310C91272071CD006FF590 /* LoginViewController.swift in Sources */,
				DC8BF6CE27215F7300855262 /* AuthViewController.swift in Sources */,
				DC310C7827205D23006FF590 /* AppDelegate.swift in Sources */,
				DC8BF6D02721612200855262 /* AppViewController.swift in Sources */,
				DC310C7A27205D23006FF590 /* SceneDelegate.swift in Sources */,
				DC8BF6CC27215F6100855262 /* RegViewController.swift in Sources */,
			);
			runOnlyForDeploymentPostprocessing = 0;
		};
/* End PBXSourcesBuildPhase section */

/* Begin PBXVariantGroup section */
		DC310C7D27205D23006FF590 /* Main.storyboard */ = {
			isa = PBXVariantGroup;
			children = (
				DC310C7E27205D23006FF590 /* Base */,
			);
			name = Main.storyboard;
			sourceTree = "<group>";
		};
		DC310C8227205D24006FF590 /* LaunchScreen.storyboard */ = {
			isa = PBXVariantGroup;
			children = (
				DC310C8327205D24006FF590 /* Base */,
			);
			name = LaunchScreen.storyboard;
			sourceTree = "<group>";
		};
/* End PBXVariantGroup section */

/* Begin XCBuildConfiguration section */
		DC310C8627205D24006FF590 /* Debug */ = {
			isa = XCBuildConfiguration;
			buildSettings = {
				ALWAYS_SEARCH_USER_PATHS = NO;
				CLANG_ANALYZER_NONNULL = YES;
				CLANG_ANALYZER_NUMBER_OBJECT_CONVERSION = YES_AGGRESSIVE;
				CLANG_CXX_LANGUAGE_STANDARD = "gnu++14";
				CLANG_CXX_LIBRARY = "libc++";
				CLANG_ENABLE_MODULES = YES;
				CLANG_ENABLE_OBJC_ARC = YES;
				CLANG_ENABLE_OBJC_WEAK = YES;
				CLANG_WARN_BLOCK_CAPTURE_AUTORELEASING = YES;
				CLANG_WARN_BOOL_CONVERSION = YES;
				CLANG_WARN_COMMA = YES;
				CLANG_WARN_CONSTANT_CONVERSION = YES;
				CLANG_WARN_DEPRECATED_OBJC_IMPLEMENTATIONS = YES;
				CLANG_WARN_DIRECT_OBJC_ISA_USAGE = YES_ERROR;
				CLANG_WARN_DOCUMENTATION_COMMENTS = YES;
				CLANG_WARN_EMPTY_BODY = YES;
				CLANG_WARN_ENUM_CONVERSION = YES;
				CLANG_WARN_INFINITE_RECURSION = YES;
				CLANG_WARN_INT_CONVERSION = YES;
				CLANG_WARN_NON_LITERAL_NULL_CONVERSION = YES;
				CLANG_WARN_OBJC_IMPLICIT_RETAIN_SELF = YES;
				CLANG_WARN_OBJC_LITERAL_CONVERSION = YES;
				CLANG_WARN_OBJC_ROOT_CLASS = YES_ERROR;
				CLANG_WARN_QUOTED_INCLUDE_IN_FRAMEWORK_HEADER = YES;
				CLANG_WARN_RANGE_LOOP_ANALYSIS = YES;
				CLANG_WARN_STRICT_PROTOTYPES = YES;
				CLANG_WARN_SUSPICIOUS_MOVE = YES;
				CLANG_WARN_UNGUARDED_AVAILABILITY = YES_AGGRESSIVE;
				CLANG_WARN_UNREACHABLE_CODE = YES;
				CLANG_WARN__DUPLICATE_METHOD_MATCH = YES;
				COPY_PHASE_STRIP = NO;
				DEBUG_INFORMATION_FORMAT = dwarf;
				ENABLE_STRICT_OBJC_MSGSEND = YES;
				ENABLE_TESTABILITY = YES;
				GCC_C_LANGUAGE_STANDARD = gnu11;
				GCC_DYNAMIC_NO_PIC = NO;
				GCC_NO_COMMON_BLOCKS = YES;
				GCC_OPTIMIZATION_LEVEL = 0;
				GCC_PREPROCESSOR_DEFINITIONS = (
					"DEBUG=1",
					"$(inherited)",
				);
				GCC_WARN_64_TO_32_BIT_CONVERSION = YES;
				GCC_WARN_ABOUT_RETURN_TYPE = YES_ERROR;
				GCC_WARN_UNDECLARED_SELECTOR = YES;
				GCC_WARN_UNINITIALIZED_AUTOS = YES_AGGRESSIVE;
				GCC_WARN_UNUSED_FUNCTION = YES;
				GCC_WARN_UNUSED_VARIABLE = YES;
				IPHONEOS_DEPLOYMENT_TARGET = 14.5;
				MTL_ENABLE_DEBUG_INFO = INCLUDE_SOURCE;
				MTL_FAST_MATH = YES;
				ONLY_ACTIVE_ARCH = YES;
				SDKROOT = iphoneos;
				SWIFT_ACTIVE_COMPILATION_CONDITIONS = DEBUG;
				SWIFT_OPTIMIZATION_LEVEL = "-Onone";
			};
			name = Debug;
		};
		DC310C8727205D24006FF590 /* Release */ = {
			isa = XCBuildConfiguration;
			buildSettings = {
				ALWAYS_SEARCH_USER_PATHS = NO;
				CLANG_ANALYZER_NONNULL = YES;
				CLANG_ANALYZER_NUMBER_OBJECT_CONVERSION = YES_AGGRESSIVE;
				CLANG_CXX_LANGUAGE_STANDARD = "gnu++14";
				CLANG_CXX_LIBRARY = "libc++";
				CLANG_ENABLE_MODULES = YES;
				CLANG_ENABLE_OBJC_ARC = YES;
				CLANG_ENABLE_OBJC_WEAK = YES;
				CLANG_WARN_BLOCK_CAPTURE_AUTORELEASING = YES;
				CLANG_WARN_BOOL_CONVERSION = YES;
				CLANG_WARN_COMMA = YES;
				CLANG_WARN_CONSTANT_CONVERSION = YES;
				CLANG_WARN_DEPRECATED_OBJC_IMPLEMENTATIONS = YES;
				CLANG_WARN_DIRECT_OBJC_ISA_USAGE = YES_ERROR;
				CLANG_WARN_DOCUMENTATION_COMMENTS = YES;
				CLANG_WARN_EMPTY_BODY = YES;
				CLANG_WARN_ENUM_CONVERSION = YES;
				CLANG_WARN_INFINITE_RECURSION = YES;
				CLANG_WARN_INT_CONVERSION = YES;
				CLANG_WARN_NON_LITERAL_NULL_CONVERSION = YES;
				CLANG_WARN_OBJC_IMPLICIT_RETAIN_SELF = YES;
				CLANG_WARN_OBJC_LITERAL_CONVERSION = YES;
				CLANG_WARN_OBJC_ROOT_CLASS = YES_ERROR;
				CLANG_WARN_QUOTED_INCLUDE_IN_FRAMEWORK_HEADER = YES;
				CLANG_WARN_RANGE_LOOP_ANALYSIS = YES;
				CLANG_WARN_STRICT_PROTOTYPES = YES;
				CLANG_WARN_SUSPICIOUS_MOVE = YES;
				CLANG_WARN_UNGUARDED_AVAILABILITY = YES_AGGRESSIVE;
				CLANG_WARN_UNREACHABLE_CODE = YES;
				CLANG_WARN__DUPLICATE_METHOD_MATCH = YES;
				COPY_PHASE_STRIP = NO;
				DEBUG_INFORMATION_FORMAT = "dwarf-with-dsym";
				ENABLE_NS_ASSERTIONS = NO;
				ENABLE_STRICT_OBJC_MSGSEND = YES;
				GCC_C_LANGUAGE_STANDARD = gnu11;
				GCC_NO_COMMON_BLOCKS = YES;
				GCC_WARN_64_TO_32_BIT_CONVERSION = YES;
				GCC_WARN_ABOUT_RETURN_TYPE = YES_ERROR;
				GCC_WARN_UNDECLARED_SELECTOR = YES;
				GCC_WARN_UNINITIALIZED_AUTOS = YES_AGGRESSIVE;
				GCC_WARN_UNUSED_FUNCTION = YES;
				GCC_WARN_UNUSED_VARIABLE = YES;
				IPHONEOS_DEPLOYMENT_TARGET = 14.5;
				MTL_ENABLE_DEBUG_INFO = NO;
				MTL_FAST_MATH = YES;
				SDKROOT = iphoneos;
				SWIFT_COMPILATION_MODE = wholemodule;
				SWIFT_OPTIMIZATION_LEVEL = "-O";
				VALIDATE_PRODUCT = YES;
			};
			name = Release;
		};
		DC310C8927205D24006FF590 /* Debug */ = {
			isa = XCBuildConfiguration;
			baseConfigurationReference = 032318D0C81EE4E9312BDCBA /* Pods-justChat.debug.xcconfig */;
			buildSettings = {
				ASSETCATALOG_COMPILER_APPICON_NAME = AppIcon;
				ASSETCATALOG_COMPILER_GLOBAL_ACCENT_COLOR_NAME = AccentColor;
				CODE_SIGN_STYLE = Automatic;
				DEVELOPMENT_TEAM = MU6RTL5NN9;
				INFOPLIST_FILE = justChat/Info.plist;
				IPHONEOS_DEPLOYMENT_TARGET = 13.0;
				LD_RUNPATH_SEARCH_PATHS = (
					"$(inherited)",
					"@executable_path/Frameworks",
				);
				PRODUCT_BUNDLE_IDENTIFIER = SergeyMedvedev.justChat;
				PRODUCT_NAME = "$(TARGET_NAME)";
				SWIFT_VERSION = 5.0;
				TARGETED_DEVICE_FAMILY = 1;
			};
			name = Debug;
		};
		DC310C8A27205D24006FF590 /* Release */ = {
			isa = XCBuildConfiguration;
			baseConfigurationReference = D1C9E162954F6DF5F59E68A3 /* Pods-justChat.release.xcconfig */;
			buildSettings = {
				ASSETCATALOG_COMPILER_APPICON_NAME = AppIcon;
				ASSETCATALOG_COMPILER_GLOBAL_ACCENT_COLOR_NAME = AccentColor;
				CODE_SIGN_STYLE = Automatic;
				DEVELOPMENT_TEAM = MU6RTL5NN9;
				INFOPLIST_FILE = justChat/Info.plist;
				IPHONEOS_DEPLOYMENT_TARGET = 13.0;
				LD_RUNPATH_SEARCH_PATHS = (
					"$(inherited)",
					"@executable_path/Frameworks",
				);
				PRODUCT_BUNDLE_IDENTIFIER = SergeyMedvedev.justChat;
				PRODUCT_NAME = "$(TARGET_NAME)";
				SWIFT_VERSION = 5.0;
				TARGETED_DEVICE_FAMILY = 1;
			};
			name = Release;
		};
/* End XCBuildConfiguration section */

/* Begin XCConfigurationList section */
		DC310C6F27205D23006FF590 /* Build configuration list for PBXProject "justChat" */ = {
			isa = XCConfigurationList;
			buildConfigurations = (
				DC310C8627205D24006FF590 /* Debug */,
				DC310C8727205D24006FF590 /* Release */,
			);
			defaultConfigurationIsVisible = 0;
			defaultConfigurationName = Release;
		};
		DC310C8827205D24006FF590 /* Build configuration list for PBXNativeTarget "justChat" */ = {
			isa = XCConfigurationList;
			buildConfigurations = (
				DC310C8927205D24006FF590 /* Debug */,
				DC310C8A27205D24006FF590 /* Release */,
			);
			defaultConfigurationIsVisible = 0;
			defaultConfigurationName = Release;
		};
/* End XCConfigurationList section */
	};
	rootObject = DC310C6C27205D23006FF590 /* Project object */;
}
